
Microsoft Visual Studio Solution File, Format Version 12.00
# Visual Studio 15
VisualStudioVersion = 15.0.28307.1082
MinimumVisualStudioVersion = 10.0.40219.1
Project("{FAE04EC0-301F-11D3-BF4B-00C04F79EFBC}") = "LicenseManagement", "LicenseManagement\LicenseManagement.csproj", "{A239320B-BFA2-4DCF-8F6E-4CD374067D98}"
EndProject
Global
	GlobalSection(SolutionConfigurationPlatforms) = preSolution
		Debug|Any CPU = Debug|Any CPU
		Release|Any CPU = Release|Any CPU
	EndGlobalSection
	GlobalSection(ProjectConfigurationPlatforms) = postSolution
		{A239320B-BFA2-4DCF-8F6E-4CD374067D98}.Debug|Any CPU.ActiveCfg = Debug|Any CPU
		{A239320B-BFA2-4DCF-8F6E-4CD374067D98}.Debug|Any CPU.Build.0 = Debug|Any CPU
		{A239320B-BFA2-4DCF-8F6E-4CD374067D98}.Release|Any CPU.ActiveCfg = Release|Any CPU
		{A239320B-BFA2-4DCF-8F6E-4CD374067D98}.Release|Any CPU.Build.0 = Release|Any CPU
	EndGlobalSection
	GlobalSection(SolutionProperties) = preSolution
		HideSolutionNode = FALSE
	EndGlobalSection
	GlobalSection(ExtensibilityGlobals) = postSolution
		SolutionGuid = {FF9738F4-5A23-417B-AF47-EA7170CD09CC}
	EndGlobalSection
EndGlobal
