
Microsoft Visual Studio Solution File, Format Version 12.00
# Visual Studio 2012
Project("{FAE04EC0-301F-11D3-BF4B-00C04F79EFBC}") = "DemoApp", "DemoApp\DemoApp.csproj", "{1D7458DF-0190-4BB1-8AC0-522B78F6679F}"
EndProject
Global
	GlobalSection(SolutionConfigurationPlatforms) = preSolution
		Debug|Any CPU = Debug|Any CPU
		Debug|Mixed Platforms = Debug|Mixed Platforms
		Debug|x86 = Debug|x86
		Release|Any CPU = Release|Any CPU
		Release|Mixed Platforms = Release|Mixed Platforms
		Release|x86 = Release|x86
	EndGlobalSection
	GlobalSection(ProjectConfigurationPlatforms) = postSolution
		{1D7458DF-0190-4BB1-8AC0-522B78F6679F}.Debug|Any CPU.ActiveCfg = Debug|Any CPU
		{1D7458DF-0190-4BB1-8AC0-522B78F6679F}.Debug|Any CPU.Build.0 = Debug|Any CPU
		{1D7458DF-0190-4BB1-8AC0-522B78F6679F}.Debug|Mixed Platforms.ActiveCfg = Debug|Any CPU
		{1D7458DF-0190-4BB1-8AC0-522B78F6679F}.Debug|Mixed Platforms.Build.0 = Debug|Any CPU
		{1D7458DF-0190-4BB1-8AC0-522B78F6679F}.Debug|x86.ActiveCfg = Debug|Any CPU
		{1D7458DF-0190-4BB1-8AC0-522B78F6679F}.Release|Any CPU.ActiveCfg = Release|Any CPU
		{1D7458DF-0190-4BB1-8AC0-522B78F6679F}.Release|Any CPU.Build.0 = Release|Any CPU
		{1D7458DF-0190-4BB1-8AC0-522B78F6679F}.Release|Mixed Platforms.ActiveCfg = Release|Any CPU
		{1D7458DF-0190-4BB1-8AC0-522B78F6679F}.Release|Mixed Platforms.Build.0 = Release|Any CPU
		{1D7458DF-0190-4BB1-8AC0-522B78F6679F}.Release|x86.ActiveCfg = Release|Any CPU
	EndGlobalSection
	GlobalSection(SolutionProperties) = preSolution
		HideSolutionNode = FALSE
	EndGlobalSection
EndGlobal
