
Microsoft Visual Studio Solution File, Format Version 12.00
# Visual Studio 2012
Project("{2150E333-8FDC-42A3-9474-1A3956D46DE8}") = "MSBuild Items", "MSBuild Items", "{698696AB-B376-4B58-92A4-EC827036468D}"
	ProjectSection(SolutionItems) = preProject
		Sp.Obfuscation.Babel.targets = Sp.Obfuscation.Babel.targets
		Sp.Obfuscation.Custom.targets = Sp.Obfuscation.Custom.targets
		..\build\Sp.Samples.targets = ..\build\Sp.Samples.targets
	EndProjectSection
EndProject
Project("{FAE04EC0-301F-11D3-BF4B-00C04F79EFBC}") = "Sp.Samples.BuildIntegration", "Sp.Samples.BuildIntegration\Sp.Samples.BuildIntegration.csproj", "{C876C1FE-68E1-4538-9466-8CE21E67A41C}"
EndProject
Project("{FAE04EC0-301F-11D3-BF4B-00C04F79EFBC}") = "Sp.Samples.BuildIntegration.Library", "Sp.Samples.BuildIntegration.Library\Sp.Samples.BuildIntegration.Library.csproj", "{832C37CC-3402-445E-97F5-F9B1DD25484B}"
EndProject
Global
	GlobalSection(SolutionConfigurationPlatforms) = preSolution
		Debug|Any CPU = Debug|Any CPU
		Release|Any CPU = Release|Any CPU
	EndGlobalSection
	GlobalSection(ProjectConfigurationPlatforms) = postSolution
		{C876C1FE-68E1-4538-9466-8CE21E67A41C}.Debug|Any CPU.ActiveCfg = Debug|Any CPU
		{C876C1FE-68E1-4538-9466-8CE21E67A41C}.Debug|Any CPU.Build.0 = Debug|Any CPU
		{C876C1FE-68E1-4538-9466-8CE21E67A41C}.Release|Any CPU.ActiveCfg = Release|Any CPU
		{C876C1FE-68E1-4538-9466-8CE21E67A41C}.Release|Any CPU.Build.0 = Release|Any CPU
		{832C37CC-3402-445E-97F5-F9B1DD25484B}.Debug|Any CPU.ActiveCfg = Debug|Any CPU
		{832C37CC-3402-445E-97F5-F9B1DD25484B}.Debug|Any CPU.Build.0 = Debug|Any CPU
		{832C37CC-3402-445E-97F5-F9B1DD25484B}.Release|Any CPU.ActiveCfg = Release|Any CPU
		{832C37CC-3402-445E-97F5-F9B1DD25484B}.Release|Any CPU.Build.0 = Release|Any CPU
	EndGlobalSection
	GlobalSection(SolutionProperties) = preSolution
		HideSolutionNode = FALSE
	EndGlobalSection
EndGlobal
