
Microsoft Visual Studio Solution File, Format Version 12.00
# Visual Studio 2012
Project("{FAE04EC0-301F-11D3-BF4B-00C04F79EFBC}") = "DemoApp", "DemoApp\DemoApp.csproj", "{DE25A11B-10BA-4E17-A56E-2E4ED90F148A}"
EndProject
Global
	GlobalSection(SolutionConfigurationPlatforms) = preSolution
		Debug|Any CPU = Debug|Any CPU
		Release|Any CPU = Release|Any CPU
	EndGlobalSection
	GlobalSection(ProjectConfigurationPlatforms) = postSolution
		{DE25A11B-10BA-4E17-A56E-2E4ED90F148A}.Debug|Any CPU.ActiveCfg = Debug|Any CPU
		{DE25A11B-10BA-4E17-A56E-2E4ED90F148A}.Debug|Any CPU.Build.0 = Debug|Any CPU
		{DE25A11B-10BA-4E17-A56E-2E4ED90F148A}.Release|Any CPU.ActiveCfg = Release|Any CPU
		{DE25A11B-10BA-4E17-A56E-2E4ED90F148A}.Release|Any CPU.Build.0 = Release|Any CPU
	EndGlobalSection
	GlobalSection(SolutionProperties) = preSolution
		HideSolutionNode = FALSE
	EndGlobalSection
EndGlobal
