
Microsoft Visual Studio Solution File, Format Version 12.00
# Visual Studio 15
VisualStudioVersion = 15.0.27428.2037
MinimumVisualStudioVersion = 10.0.40219.1
Project("{9A19103F-16F7-4668-BE54-9A1E7A4F7556}") = "ImageEditor.Core", "ImageEditor.Core\ImageEditor.Core.csproj", "{15794088-A489-434E-BC7D-756447D276A2}"
EndProject
Global
	GlobalSection(SolutionConfigurationPlatforms) = preSolution
		Debug|Any CPU = Debug|Any CPU
		Release|Any CPU = Release|Any CPU
	EndGlobalSection
	GlobalSection(ProjectConfigurationPlatforms) = postSolution
		{15794088-A489-434E-BC7D-756447D276A2}.Debug|Any CPU.ActiveCfg = Debug|Any CPU
		{15794088-A489-434E-BC7D-756447D276A2}.Debug|Any CPU.Build.0 = Debug|Any CPU
		{15794088-A489-434E-BC7D-756447D276A2}.Release|Any CPU.ActiveCfg = Release|Any CPU
		{15794088-A489-434E-BC7D-756447D276A2}.Release|Any CPU.Build.0 = Release|Any CPU
	EndGlobalSection
	GlobalSection(SolutionProperties) = preSolution
		HideSolutionNode = FALSE
	EndGlobalSection
	GlobalSection(ExtensibilityGlobals) = postSolution
		SolutionGuid = {0E8DC3DE-6114-4D3C-9547-99117B5B66C0}
	EndGlobalSection
EndGlobal
